{
    "version": 1,
    "packages": {
        "onnxruntime-bnlang": {
            "version": "1.1.0",
            "kind": "native",
            "integrity": "sha256-65dfe464368a6236f22de93711926280d44dbd9c2c5c7fcb5d0e735069233add",
            "resolved": "https://bpm.bnlang.dev/v1/p/onnxruntime-bnlang/1.1.0/asset/windows-x64",
            "dependencies": {}
        },
        "onnxruntime-genai-bnlang": {
            "version": "0.1.0",
            "kind": "native",
            "integrity": "sha256-6583ef5008b9053d258301368af78da45f9b37cc8382a5cd83eb111ad74054f7",
            "resolved": "https://bpm.bnlang.dev/v1/p/onnxruntime-genai-bnlang/0.1.0/asset/windows-x64",
            "dependencies": {}
        },
        "torch-bnlang": {
            "version": "1.1.0",
            "kind": "native",
            "integrity": "sha256-0b56d3674dc63adf172db66fdf86d68926f3b3fcbce42a61150264fe0e427213",
            "resolved": "https://bpm.bnlang.dev/v1/p/torch-bnlang/1.1.0/asset/windows-x64",
            "dependencies": {}
        }
    }
}
